
Microsoft Visual Studio Solution File, Format Version 12.00
# Visual Studio Version 16
VisualStudioVersion = 16.0.30204.135
MinimumVisualStudioVersion = 10.0.40219.1
Project("{FAE04EC0-301F-11D3-BF4B-00C04F79EFBC}") = "CookbookTestApp.Android", "CookbookTestApp\CookbookTestApp.Android\CookbookTestApp.Android.csproj", "{9761C139-09E7-4330-A2C0-A309F7E7FC23}"
EndProject
Project("{FAE04EC0-301F-11D3-BF4B-00C04F79EFBC}") = "CookbookTestApp.iOS", "CookbookTestApp\CookbookTestApp.iOS\CookbookTestApp.iOS.csproj", "{9400E29E-57C6-40DA-83F7-97C22370DBB7}"
EndProject
Project("{FAE04EC0-301F-11D3-BF4B-00C04F79EFBC}") = "CookbookTestApp", "CookbookTestApp\CookbookTestApp\CookbookTestApp.csproj", "{DF052960-AC1A-4DE8-B1B3-B383C9C8EB29}"
EndProject
Global
	GlobalSection(SolutionConfigurationPlatforms) = preSolution
		Debug|Any CPU = Debug|Any CPU
		Debug|iPhone = Debug|iPhone
		Debug|iPhoneSimulator = Debug|iPhoneSimulator
		Release|Any CPU = Release|Any CPU
		Release|iPhone = Release|iPhone
		Release|iPhoneSimulator = Release|iPhoneSimulator
	EndGlobalSection
	GlobalSection(ProjectConfigurationPlatforms) = postSolution
		{9761C139-09E7-4330-A2C0-A309F7E7FC23}.Debug|Any CPU.ActiveCfg = Debug|Any CPU
		{9761C139-09E7-4330-A2C0-A309F7E7FC23}.Debug|Any CPU.Build.0 = Debug|Any CPU
		{9761C139-09E7-4330-A2C0-A309F7E7FC23}.Debug|Any CPU.Deploy.0 = Debug|Any CPU
		{9761C139-09E7-4330-A2C0-A309F7E7FC23}.Debug|iPhone.ActiveCfg = Debug|Any CPU
		{9761C139-09E7-4330-A2C0-A309F7E7FC23}.Debug|iPhone.Build.0 = Debug|Any CPU
		{9761C139-09E7-4330-A2C0-A309F7E7FC23}.Debug|iPhone.Deploy.0 = Debug|Any CPU
		{9761C139-09E7-4330-A2C0-A309F7E7FC23}.Debug|iPhoneSimulator.ActiveCfg = Debug|Any CPU
		{9761C139-09E7-4330-A2C0-A309F7E7FC23}.Debug|iPhoneSimulator.Build.0 = Debug|Any CPU
		{9761C139-09E7-4330-A2C0-A309F7E7FC23}.Debug|iPhoneSimulator.Deploy.0 = Debug|Any CPU
		{9761C139-09E7-4330-A2C0-A309F7E7FC23}.Release|Any CPU.ActiveCfg = Release|Any CPU
		{9761C139-09E7-4330-A2C0-A309F7E7FC23}.Release|Any CPU.Build.0 = Release|Any CPU
		{9761C139-09E7-4330-A2C0-A309F7E7FC23}.Release|Any CPU.Deploy.0 = Release|Any CPU
		{9761C139-09E7-4330-A2C0-A309F7E7FC23}.Release|iPhone.ActiveCfg = Release|Any CPU
		{9761C139-09E7-4330-A2C0-A309F7E7FC23}.Release|iPhone.Build.0 = Release|Any CPU
		{9761C139-09E7-4330-A2C0-A309F7E7FC23}.Release|iPhone.Deploy.0 = Release|Any CPU
		{9761C139-09E7-4330-A2C0-A309F7E7FC23}.Release|iPhoneSimulator.ActiveCfg = Release|Any CPU
		{9761C139-09E7-4330-A2C0-A309F7E7FC23}.Release|iPhoneSimulator.Build.0 = Release|Any CPU
		{9761C139-09E7-4330-A2C0-A309F7E7FC23}.Release|iPhoneSimulator.Deploy.0 = Release|Any CPU
		{9400E29E-57C6-40DA-83F7-97C22370DBB7}.Debug|Any CPU.ActiveCfg = Debug|iPhone
		{9400E29E-57C6-40DA-83F7-97C22370DBB7}.Debug|Any CPU.Build.0 = Debug|iPhone
		{9400E29E-57C6-40DA-83F7-97C22370DBB7}.Debug|Any CPU.Deploy.0 = Debug|iPhone
		{9400E29E-57C6-40DA-83F7-97C22370DBB7}.Debug|iPhone.ActiveCfg = Debug|iPhone
		{9400E29E-57C6-40DA-83F7-97C22370DBB7}.Debug|iPhone.Build.0 = Debug|iPhone
		{9400E29E-57C6-40DA-83F7-97C22370DBB7}.Debug|iPhone.Deploy.0 = Debug|iPhone
		{9400E29E-57C6-40DA-83F7-97C22370DBB7}.Debug|iPhoneSimulator.ActiveCfg = Debug|iPhoneSimulator
		{9400E29E-57C6-40DA-83F7-97C22370DBB7}.Debug|iPhoneSimulator.Build.0 = Debug|iPhoneSimulator
		{9400E29E-57C6-40DA-83F7-97C22370DBB7}.Debug|iPhoneSimulator.Deploy.0 = Debug|iPhoneSimulator
		{9400E29E-57C6-40DA-83F7-97C22370DBB7}.Release|Any CPU.ActiveCfg = Release|iPhone
		{9400E29E-57C6-40DA-83F7-97C22370DBB7}.Release|Any CPU.Build.0 = Release|iPhone
		{9400E29E-57C6-40DA-83F7-97C22370DBB7}.Release|Any CPU.Deploy.0 = Release|iPhone
		{9400E29E-57C6-40DA-83F7-97C22370DBB7}.Release|iPhone.ActiveCfg = Release|iPhone
		{9400E29E-57C6-40DA-83F7-97C22370DBB7}.Release|iPhone.Build.0 = Release|iPhone
		{9400E29E-57C6-40DA-83F7-97C22370DBB7}.Release|iPhone.Deploy.0 = Release|iPhone
		{9400E29E-57C6-40DA-83F7-97C22370DBB7}.Release|iPhoneSimulator.ActiveCfg = Release|iPhoneSimulator
		{9400E29E-57C6-40DA-83F7-97C22370DBB7}.Release|iPhoneSimulator.Build.0 = Release|iPhoneSimulator
		{9400E29E-57C6-40DA-83F7-97C22370DBB7}.Release|iPhoneSimulator.Deploy.0 = Release|iPhoneSimulator
		{DF052960-AC1A-4DE8-B1B3-B383C9C8EB29}.Debug|Any CPU.ActiveCfg = Debug|Any CPU
		{DF052960-AC1A-4DE8-B1B3-B383C9C8EB29}.Debug|Any CPU.Build.0 = Debug|Any CPU
		{DF052960-AC1A-4DE8-B1B3-B383C9C8EB29}.Debug|Any CPU.Deploy.0 = Debug|Any CPU
		{DF052960-AC1A-4DE8-B1B3-B383C9C8EB29}.Debug|iPhone.ActiveCfg = Debug|Any CPU
		{DF052960-AC1A-4DE8-B1B3-B383C9C8EB29}.Debug|iPhone.Build.0 = Debug|Any CPU
		{DF052960-AC1A-4DE8-B1B3-B383C9C8EB29}.Debug|iPhone.Deploy.0 = Debug|Any CPU
		{DF052960-AC1A-4DE8-B1B3-B383C9C8EB29}.Debug|iPhoneSimulator.ActiveCfg = Debug|Any CPU
		{DF052960-AC1A-4DE8-B1B3-B383C9C8EB29}.Debug|iPhoneSimulator.Build.0 = Debug|Any CPU
		{DF052960-AC1A-4DE8-B1B3-B383C9C8EB29}.Debug|iPhoneSimulator.Deploy.0 = Debug|Any CPU
		{DF052960-AC1A-4DE8-B1B3-B383C9C8EB29}.Release|Any CPU.ActiveCfg = Release|Any CPU
		{DF052960-AC1A-4DE8-B1B3-B383C9C8EB29}.Release|Any CPU.Build.0 = Release|Any CPU
		{DF052960-AC1A-4DE8-B1B3-B383C9C8EB29}.Release|Any CPU.Deploy.0 = Release|Any CPU
		{DF052960-AC1A-4DE8-B1B3-B383C9C8EB29}.Release|iPhone.ActiveCfg = Release|Any CPU
		{DF052960-AC1A-4DE8-B1B3-B383C9C8EB29}.Release|iPhone.Build.0 = Release|Any CPU
		{DF052960-AC1A-4DE8-B1B3-B383C9C8EB29}.Release|iPhone.Deploy.0 = Release|Any CPU
		{DF052960-AC1A-4DE8-B1B3-B383C9C8EB29}.Release|iPhoneSimulator.ActiveCfg = Release|Any CPU
		{DF052960-AC1A-4DE8-B1B3-B383C9C8EB29}.Release|iPhoneSimulator.Build.0 = Release|Any CPU
		{DF052960-AC1A-4DE8-B1B3-B383C9C8EB29}.Release|iPhoneSimulator.Deploy.0 = Release|Any CPU
	EndGlobalSection
	GlobalSection(SolutionProperties) = preSolution
		HideSolutionNode = FALSE
	EndGlobalSection
	GlobalSection(ExtensibilityGlobals) = postSolution
		SolutionGuid = {6A74B011-2805-4172-BE16-758ECF6BE1EB}
	EndGlobalSection
EndGlobal
